
Microsoft Visual Studio Solution File, Format Version 12.00
# Visual Studio Version 16
VisualStudioVersion = 16.0.33328.57
MinimumVisualStudioVersion = 10.0.40219.1
Project("{FAE04EC0-301F-11D3-BF4B-00C04F79EFBC}") = "SMD_PS2_Repack", "SMD_PS2_Repack\SMD_PS2_Repack.csproj", "{DD3966D2-E08D-47A3-80B7-228178BECD53}"
EndProject
Project("{FAE04EC0-301F-11D3-BF4B-00C04F79EFBC}") = "SMD_PS2_Extractor", "SMD_PS2_Extractor\SMD_PS2_Extractor.csproj", "{C91F5B65-5187-4070-AAE9-2F3555FFC4F7}"
EndProject
Global
	GlobalSection(SolutionConfigurationPlatforms) = preSolution
		Debug|Any CPU = Debug|Any CPU
		Release|Any CPU = Release|Any CPU
	EndGlobalSection
	GlobalSection(ProjectConfigurationPlatforms) = postSolution
		{DD3966D2-E08D-47A3-80B7-228178BECD53}.Debug|Any CPU.ActiveCfg = Debug|Any CPU
		{DD3966D2-E08D-47A3-80B7-228178BECD53}.Debug|Any CPU.Build.0 = Debug|Any CPU
		{DD3966D2-E08D-47A3-80B7-228178BECD53}.Release|Any CPU.ActiveCfg = Release|Any CPU
		{DD3966D2-E08D-47A3-80B7-228178BECD53}.Release|Any CPU.Build.0 = Release|Any CPU
		{C91F5B65-5187-4070-AAE9-2F3555FFC4F7}.Debug|Any CPU.ActiveCfg = Debug|Any CPU
		{C91F5B65-5187-4070-AAE9-2F3555FFC4F7}.Debug|Any CPU.Build.0 = Debug|Any CPU
		{C91F5B65-5187-4070-AAE9-2F3555FFC4F7}.Release|Any CPU.ActiveCfg = Release|Any CPU
		{C91F5B65-5187-4070-AAE9-2F3555FFC4F7}.Release|Any CPU.Build.0 = Release|Any CPU
	EndGlobalSection
	GlobalSection(SolutionProperties) = preSolution
		HideSolutionNode = FALSE
	EndGlobalSection
	GlobalSection(ExtensibilityGlobals) = postSolution
		SolutionGuid = {E1DD0901-0880-4AE8-82D8-6482D2280939}
	EndGlobalSection
EndGlobal
